// !$*UTF8*$!
{
	archiveVersion = 1;
	classes = {
	};
	objectVersion = 46;
	objects = {

/* Begin PBXBuildFile section */
		0A3EF4567D7F14524E12444B /* Foundation.framework in Frameworks */ = {isa = PBXBuildFile; fileRef = 3FE5FDAE85BDBD9D105E6D78 /* Foundation.framework */; };
		27EB29B1D2605EE3267329EE /* Models.swift in Sources */ = {isa = PBXBuildFile; fileRef = EE031A0BF95FB358473D71F7 /* Models.swift */; };
		2AF5A22638C30AA6B21065B1 /* HistoryView.swift in Sources */ = {isa = PBXBuildFile; fileRef = EDAE2D55D34338DB039E89B1 /* HistoryView.swift */; };
		324E9D67DF500128F5C7F86A /* Assets.xcassets in Resources */ = {isa = PBXBuildFile; fileRef = DD393C48D2EF44E015C7FA9C /* Assets.xcassets */; };
		5484BF8FD31664661A135961 /* DefaultSources.swift in Sources */ = {isa = PBXBuildFile; fileRef = DB1580AB51A443ABECD18357 /* DefaultSources.swift */; };
		7203BC9ED5A9FEEC19FE65A6 /* SyncIntents.swift in Sources */ = {isa = PBXBuildFile; fileRef = 891D849B73F00EDBD2EB863B /* SyncIntents.swift */; };
		77CEFE8CBDAB91FD5483A6EB /* Syncer.swift in Sources */ = {isa = PBXBuildFile; fileRef = F5E25F59ABD0685ACEC270B7 /* Syncer.swift */; };
		7988744D62D4ED15D06EF470 /* MusicSyncApp.swift in Sources */ = {isa = PBXBuildFile; fileRef = D728FEFF364DC1E40CDF4133 /* MusicSyncApp.swift */; };
		A9FB3BD3F8A0C77B40C42C07 /* AppleMusicClient.swift in Sources */ = {isa = PBXBuildFile; fileRef = 27D51401705F8030A2DF570A /* AppleMusicClient.swift */; };
		CD100FC3F0445BEE79E6D037 /* SourceEditView.swift in Sources */ = {isa = PBXBuildFile; fileRef = 09582690A11AB339F9276193 /* SourceEditView.swift */; };
		CEF439381493C5AF4407CD36 /* SyncService.swift in Sources */ = {isa = PBXBuildFile; fileRef = C891F0F744EC2C06C9F3A39C /* SyncService.swift */; };
		EF560D2027DA73F4333598E3 /* RootView.swift in Sources */ = {isa = PBXBuildFile; fileRef = 118FA7951A209BD0A7C744EC /* RootView.swift */; };
		F16F8197B6E52CA10E5C51E5 /* SourceStore.swift in Sources */ = {isa = PBXBuildFile; fileRef = 68E8DBD124DB652BE1509AA4 /* SourceStore.swift */; };
		F2B8373674AE9329220B27E1 /* SourceListView.swift in Sources */ = {isa = PBXBuildFile; fileRef = BB02B8EC8AD5AE7ACF6B4294 /* SourceListView.swift */; };
		FFD4A17AF31A35B3F8BC2441 /* AppStore.swift in Sources */ = {isa = PBXBuildFile; fileRef = ECEE9F5710BF56B9E576545C /* AppStore.swift */; };
/* End PBXBuildFile section */

/* Begin PBXFileReference section */
		09582690A11AB339F9276193 /* SourceEditView.swift */ = {isa = PBXFileReference; includeInIndex = 1; lastKnownFileType = sourcecode.swift; name = SourceEditView.swift; path = MusicSync/Views/SourceEditView.swift; sourceTree = "<group>"; };
		118FA7951A209BD0A7C744EC /* RootView.swift */ = {isa = PBXFileReference; includeInIndex = 1; lastKnownFileType = sourcecode.swift; name = RootView.swift; path = MusicSync/Views/RootView.swift; sourceTree = "<group>"; };
		27D51401705F8030A2DF570A /* AppleMusicClient.swift */ = {isa = PBXFileReference; includeInIndex = 1; lastKnownFileType = sourcecode.swift; name = AppleMusicClient.swift; path = MusicSync/Services/AppleMusicClient.swift; sourceTree = "<group>"; };
		3FE5FDAE85BDBD9D105E6D78 /* Foundation.framework */ = {isa = PBXFileReference; lastKnownFileType = wrapper.framework; name = Foundation.framework; path = Platforms/iPhoneOS.platform/Developer/SDKs/iPhoneOS18.0.sdk/System/Library/Frameworks/Foundation.framework; sourceTree = DEVELOPER_DIR; };
		68E8DBD124DB652BE1509AA4 /* SourceStore.swift */ = {isa = PBXFileReference; includeInIndex = 1; lastKnownFileType = sourcecode.swift; name = SourceStore.swift; path = MusicSync/Services/SourceStore.swift; sourceTree = "<group>"; };
		75892293C9C504C2C47FF841 /* Info.plist */ = {isa = PBXFileReference; includeInIndex = 1; lastKnownFileType = text.plist.xml; name = Info.plist; path = MusicSync/Info.plist; sourceTree = "<group>"; };
		891D849B73F00EDBD2EB863B /* SyncIntents.swift */ = {isa = PBXFileReference; includeInIndex = 1; lastKnownFileType = sourcecode.swift; name = SyncIntents.swift; path = MusicSync/Intents/SyncIntents.swift; sourceTree = "<group>"; };
		8F0F11A1B9737F117DEB846A /* MusicSync.app */ = {isa = PBXFileReference; explicitFileType = wrapper.application; includeInIndex = 0; path = MusicSync.app; sourceTree = BUILT_PRODUCTS_DIR; };
		BB02B8EC8AD5AE7ACF6B4294 /* SourceListView.swift */ = {isa = PBXFileReference; includeInIndex = 1; lastKnownFileType = sourcecode.swift; name = SourceListView.swift; path = MusicSync/Views/SourceListView.swift; sourceTree = "<group>"; };
		C891F0F744EC2C06C9F3A39C /* SyncService.swift */ = {isa = PBXFileReference; includeInIndex = 1; lastKnownFileType = sourcecode.swift; name = SyncService.swift; path = MusicSync/Services/SyncService.swift; sourceTree = "<group>"; };
		D728FEFF364DC1E40CDF4133 /* MusicSyncApp.swift */ = {isa = PBXFileReference; includeInIndex = 1; lastKnownFileType = sourcecode.swift; name = MusicSyncApp.swift; path = MusicSync/MusicSyncApp.swift; sourceTree = "<group>"; };
		DB1580AB51A443ABECD18357 /* DefaultSources.swift */ = {isa = PBXFileReference; includeInIndex = 1; lastKnownFileType = sourcecode.swift; name = DefaultSources.swift; path = MusicSync/Store/DefaultSources.swift; sourceTree = "<group>"; };
		DD393C48D2EF44E015C7FA9C /* Assets.xcassets */ = {isa = PBXFileReference; includeInIndex = 1; lastKnownFileType = folder.assetcatalog; name = Assets.xcassets; path = MusicSync/Assets.xcassets; sourceTree = "<group>"; };
		ECEE9F5710BF56B9E576545C /* AppStore.swift */ = {isa = PBXFileReference; includeInIndex = 1; lastKnownFileType = sourcecode.swift; name = AppStore.swift; path = MusicSync/Store/AppStore.swift; sourceTree = "<group>"; };
		EDAE2D55D34338DB039E89B1 /* HistoryView.swift */ = {isa = PBXFileReference; includeInIndex = 1; lastKnownFileType = sourcecode.swift; name = HistoryView.swift; path = MusicSync/Views/HistoryView.swift; sourceTree = "<group>"; };
		EE031A0BF95FB358473D71F7 /* Models.swift */ = {isa = PBXFileReference; includeInIndex = 1; lastKnownFileType = sourcecode.swift; name = Models.swift; path = MusicSync/Models/Models.swift; sourceTree = "<group>"; };
		F5E25F59ABD0685ACEC270B7 /* Syncer.swift */ = {isa = PBXFileReference; includeInIndex = 1; lastKnownFileType = sourcecode.swift; name = Syncer.swift; path = MusicSync/Services/Syncer.swift; sourceTree = "<group>"; };
/* End PBXFileReference section */

/* Begin PBXFrameworksBuildPhase section */
		488D4F9A636C9F1E9677781F /* Frameworks */ = {
			isa = PBXFrameworksBuildPhase;
			buildActionMask = 2147483647;
			files = (
				0A3EF4567D7F14524E12444B /* Foundation.framework in Frameworks */,
			);
			runOnlyForDeploymentPostprocessing = 0;
		};
/* End PBXFrameworksBuildPhase section */

/* Begin PBXGroup section */
		84DCB133B1F29E8E6797E440 /* iOS */ = {
			isa = PBXGroup;
			children = (
				3FE5FDAE85BDBD9D105E6D78 /* Foundation.framework */,
			);
			name = iOS;
			sourceTree = "<group>";
		};
		8A1EF5A85AE6E25D0B42E1FC = {
			isa = PBXGroup;
			children = (
				F986C7119FEC1DFCD11BC556 /* Products */,
				9BDC7E27376960E8E69DDE70 /* Frameworks */,
				EE031A0BF95FB358473D71F7 /* Models.swift */,
				D728FEFF364DC1E40CDF4133 /* MusicSyncApp.swift */,
				27D51401705F8030A2DF570A /* AppleMusicClient.swift */,
				F5E25F59ABD0685ACEC270B7 /* Syncer.swift */,
				ECEE9F5710BF56B9E576545C /* AppStore.swift */,
				DB1580AB51A443ABECD18357 /* DefaultSources.swift */,
				EDAE2D55D34338DB039E89B1 /* HistoryView.swift */,
				118FA7951A209BD0A7C744EC /* RootView.swift */,
				09582690A11AB339F9276193 /* SourceEditView.swift */,
				BB02B8EC8AD5AE7ACF6B4294 /* SourceListView.swift */,
				DD393C48D2EF44E015C7FA9C /* Assets.xcassets */,
				75892293C9C504C2C47FF841 /* Info.plist */,
				68E8DBD124DB652BE1509AA4 /* SourceStore.swift */,
				C891F0F744EC2C06C9F3A39C /* SyncService.swift */,
				891D849B73F00EDBD2EB863B /* SyncIntents.swift */,
			);
			sourceTree = "<group>";
		};
		9BDC7E27376960E8E69DDE70 /* Frameworks */ = {
			isa = PBXGroup;
			children = (
				84DCB133B1F29E8E6797E440 /* iOS */,
			);
			name = Frameworks;
			sourceTree = "<group>";
		};
		F986C7119FEC1DFCD11BC556 /* Products */ = {
			isa = PBXGroup;
			children = (
				8F0F11A1B9737F117DEB846A /* MusicSync.app */,
			);
			name = Products;
			sourceTree = "<group>";
		};
/* End PBXGroup section */

/* Begin PBXNativeTarget section */
		33F86F0DB5FCCEA90D9EE036 /* MusicSync */ = {
			isa = PBXNativeTarget;
			buildConfigurationList = 2CBCA5B9BF0F580255961610 /* Build configuration list for PBXNativeTarget "MusicSync" */;
			buildPhases = (
				85CFF3A1EFD6C2F6115A4801 /* Sources */,
				488D4F9A636C9F1E9677781F /* Frameworks */,
				C52AA254BD8FC0B061CFCC5A /* Resources */,
			);
			buildRules = (
			);
			dependencies = (
			);
			name = MusicSync;
			productName = MusicSync;
			productReference = 8F0F11A1B9737F117DEB846A /* MusicSync.app */;
			productType = "com.apple.product-type.application";
		};
/* End PBXNativeTarget section */

/* Begin PBXProject section */
		C4B30B68CB6BFC736696AB62 /* Project object */ = {
			isa = PBXProject;
			attributes = {
				LastSwiftUpdateCheck = 1600;
				LastUpgradeCheck = 1600;
				TargetAttributes = {
					33F86F0DB5FCCEA90D9EE036 = {
						DevelopmentTeam = ES2766ARHJ;
						ProvisioningStyle = Automatic;
					};
				};
			};
			buildConfigurationList = 95A8378A422540223C1FC515 /* Build configuration list for PBXProject "MusicSync" */;
			compatibilityVersion = "Xcode 3.2";
			developmentRegion = en;
			hasScannedForEncodings = 0;
			knownRegions = (
				en,
				Base,
			);
			mainGroup = 8A1EF5A85AE6E25D0B42E1FC;
			productRefGroup = F986C7119FEC1DFCD11BC556 /* Products */;
			projectDirPath = "";
			projectRoot = "";
			targets = (
				33F86F0DB5FCCEA90D9EE036 /* MusicSync */,
			);
		};
/* End PBXProject section */

/* Begin PBXResourcesBuildPhase section */
		C52AA254BD8FC0B061CFCC5A /* Resources */ = {
			isa = PBXResourcesBuildPhase;
			buildActionMask = 2147483647;
			files = (
				324E9D67DF500128F5C7F86A /* Assets.xcassets in Resources */,
			);
			runOnlyForDeploymentPostprocessing = 0;
		};
/* End PBXResourcesBuildPhase section */

/* Begin PBXSourcesBuildPhase section */
		85CFF3A1EFD6C2F6115A4801 /* Sources */ = {
			isa = PBXSourcesBuildPhase;
			buildActionMask = 2147483647;
			files = (
				27EB29B1D2605EE3267329EE /* Models.swift in Sources */,
				7988744D62D4ED15D06EF470 /* MusicSyncApp.swift in Sources */,
				A9FB3BD3F8A0C77B40C42C07 /* AppleMusicClient.swift in Sources */,
				77CEFE8CBDAB91FD5483A6EB /* Syncer.swift in Sources */,
				FFD4A17AF31A35B3F8BC2441 /* AppStore.swift in Sources */,
				5484BF8FD31664661A135961 /* DefaultSources.swift in Sources */,
				2AF5A22638C30AA6B21065B1 /* HistoryView.swift in Sources */,
				EF560D2027DA73F4333598E3 /* RootView.swift in Sources */,
				CD100FC3F0445BEE79E6D037 /* SourceEditView.swift in Sources */,
				F2B8373674AE9329220B27E1 /* SourceListView.swift in Sources */,
				F16F8197B6E52CA10E5C51E5 /* SourceStore.swift in Sources */,
				CEF439381493C5AF4407CD36 /* SyncService.swift in Sources */,
				7203BC9ED5A9FEEC19FE65A6 /* SyncIntents.swift in Sources */,
			);
			runOnlyForDeploymentPostprocessing = 0;
		};
/* End PBXSourcesBuildPhase section */

/* Begin XCBuildConfiguration section */
		190AE3A91FFE4AEA79EDF1CC /* Release */ = {
			isa = XCBuildConfiguration;
			buildSettings = {
				ASSETCATALOG_COMPILER_APPICON_NAME = AppIcon;
				ASSETCATALOG_COMPILER_GLOBAL_ACCENT_COLOR_NAME = AccentColor;
				CLANG_ENABLE_OBJC_WEAK = NO;
				CODE_SIGN_STYLE = Automatic;
				CURRENT_PROJECT_VERSION = 2;
				DEVELOPMENT_TEAM = ES2766ARHJ;
				ENABLE_PREVIEWS = YES;
				GENERATE_INFOPLIST_FILE = YES;
				INFOPLIST_FILE = MusicSync/Info.plist;
				INFOPLIST_KEY_NSAppleMusicUsageDescription = "MusicSync sincroniza playlists públicas en tu biblioteca de Apple Music.";
				INFOPLIST_KEY_UILaunchScreen_Generation = YES;
				INFOPLIST_KEY_UISupportedInterfaceOrientations = "UIInterfaceOrientationPortrait UIInterfaceOrientationPortraitUpsideDown UIInterfaceOrientationLandscapeLeft UIInterfaceOrientationLandscapeRight";
				"INFOPLIST_KEY_UISupportedInterfaceOrientations~ipad" = "UIInterfaceOrientationPortrait UIInterfaceOrientationPortraitUpsideDown UIInterfaceOrientationLandscapeLeft UIInterfaceOrientationLandscapeRight";
				IPHONEOS_DEPLOYMENT_TARGET = 18.0;
				LD_RUNPATH_SEARCH_PATHS = "$(inherited) @executable_path/Frameworks";
				MARKETING_VERSION = 1.0;
				PRODUCT_BUNDLE_IDENTIFIER = com.jmago17.MusicSync;
				PRODUCT_NAME = MusicSync;
				SDKROOT = iphoneos;
				SWIFT_EMIT_LOC_STRINGS = YES;
				SWIFT_STRICT_CONCURRENCY = minimal;
				SWIFT_VERSION = 5.0;
				TARGETED_DEVICE_FAMILY = "1,2";
				VALIDATE_PRODUCT = YES;
			};
			name = Release;
		};
		671769C78436996612E90179 /* Debug */ = {
			isa = XCBuildConfiguration;
			buildSettings = {
				ALWAYS_SEARCH_USER_PATHS = NO;
				CLANG_ANALYZER_NONNULL = YES;
				CLANG_ANALYZER_NUMBER_OBJECT_CONVERSION = YES_AGGRESSIVE;
				CLANG_CXX_LANGUAGE_STANDARD = "gnu++14";
				CLANG_CXX_LIBRARY = "libc++";
				CLANG_ENABLE_MODULES = YES;
				CLANG_ENABLE_OBJC_ARC = YES;
				CLANG_ENABLE_OBJC_WEAK = YES;
				CLANG_WARN_BLOCK_CAPTURE_AUTORELEASING = YES;
				CLANG_WARN_BOOL_CONVERSION = YES;
				CLANG_WARN_COMMA = YES;
				CLANG_WARN_CONSTANT_CONVERSION = YES;
				CLANG_WARN_DEPRECATED_OBJC_IMPLEMENTATIONS = YES;
				CLANG_WARN_DIRECT_OBJC_ISA_USAGE = YES_ERROR;
				CLANG_WARN_DOCUMENTATION_COMMENTS = YES;
				CLANG_WARN_EMPTY_BODY = YES;
				CLANG_WARN_ENUM_CONVERSION = YES;
				CLANG_WARN_INFINITE_RECURSION = YES;
				CLANG_WARN_INT_CONVERSION = YES;
				CLANG_WARN_NON_LITERAL_NULL_CONVERSION = YES;
				CLANG_WARN_OBJC_IMPLICIT_RETAIN_SELF = YES;
				CLANG_WARN_OBJC_LITERAL_CONVERSION = YES;
				CLANG_WARN_OBJC_ROOT_CLASS = YES_ERROR;
				CLANG_WARN_QUOTED_INCLUDE_IN_FRAMEWORK_HEADER = YES;
				CLANG_WARN_RANGE_LOOP_ANALYSIS = YES;
				CLANG_WARN_STRICT_PROTOTYPES = YES;
				CLANG_WARN_SUSPICIOUS_MOVE = YES;
				CLANG_WARN_UNGUARDED_AVAILABILITY = YES_AGGRESSIVE;
				CLANG_WARN_UNREACHABLE_CODE = YES;
				CLANG_WARN__DUPLICATE_METHOD_MATCH = YES;
				COPY_PHASE_STRIP = NO;
				DEBUG_INFORMATION_FORMAT = dwarf;
				ENABLE_STRICT_OBJC_MSGSEND = YES;
				ENABLE_TESTABILITY = YES;
				GCC_C_LANGUAGE_STANDARD = gnu11;
				GCC_DYNAMIC_NO_PIC = NO;
				GCC_NO_COMMON_BLOCKS = YES;
				GCC_OPTIMIZATION_LEVEL = 0;
				GCC_PREPROCESSOR_DEFINITIONS = (
					"DEBUG=1",
					"$(inherited)",
				);
				GCC_WARN_64_TO_32_BIT_CONVERSION = YES;
				GCC_WARN_ABOUT_RETURN_TYPE = YES_ERROR;
				GCC_WARN_UNDECLARED_SELECTOR = YES;
				GCC_WARN_UNINITIALIZED_AUTOS = YES_AGGRESSIVE;
				GCC_WARN_UNUSED_FUNCTION = YES;
				GCC_WARN_UNUSED_VARIABLE = YES;
				MTL_ENABLE_DEBUG_INFO = INCLUDE_SOURCE;
				MTL_FAST_MATH = YES;
				ONLY_ACTIVE_ARCH = YES;
				PRODUCT_NAME = "$(TARGET_NAME)";
				SWIFT_ACTIVE_COMPILATION_CONDITIONS = DEBUG;
				SWIFT_OPTIMIZATION_LEVEL = "-Onone";
				SWIFT_VERSION = 5.0;
			};
			name = Debug;
		};
		CF334BA6287DE06F1BB84780 /* Release */ = {
			isa = XCBuildConfiguration;
			buildSettings = {
				ALWAYS_SEARCH_USER_PATHS = NO;
				CLANG_ANALYZER_NONNULL = YES;
				CLANG_ANALYZER_NUMBER_OBJECT_CONVERSION = YES_AGGRESSIVE;
				CLANG_CXX_LANGUAGE_STANDARD = "gnu++14";
				CLANG_CXX_LIBRARY = "libc++";
				CLANG_ENABLE_MODULES = YES;
				CLANG_ENABLE_OBJC_ARC = YES;
				CLANG_ENABLE_OBJC_WEAK = YES;
				CLANG_WARN_BLOCK_CAPTURE_AUTORELEASING = YES;
				CLANG_WARN_BOOL_CONVERSION = YES;
				CLANG_WARN_COMMA = YES;
				CLANG_WARN_CONSTANT_CONVERSION = YES;
				CLANG_WARN_DEPRECATED_OBJC_IMPLEMENTATIONS = YES;
				CLANG_WARN_DIRECT_OBJC_ISA_USAGE = YES_ERROR;
				CLANG_WARN_DOCUMENTATION_COMMENTS = YES;
				CLANG_WARN_EMPTY_BODY = YES;
				CLANG_WARN_ENUM_CONVERSION = YES;
				CLANG_WARN_INFINITE_RECURSION = YES;
				CLANG_WARN_INT_CONVERSION = YES;
				CLANG_WARN_NON_LITERAL_NULL_CONVERSION = YES;
				CLANG_WARN_OBJC_IMPLICIT_RETAIN_SELF = YES;
				CLANG_WARN_OBJC_LITERAL_CONVERSION = YES;
				CLANG_WARN_OBJC_ROOT_CLASS = YES_ERROR;
				CLANG_WARN_QUOTED_INCLUDE_IN_FRAMEWORK_HEADER = YES;
				CLANG_WARN_RANGE_LOOP_ANALYSIS = YES;
				CLANG_WARN_STRICT_PROTOTYPES = YES;
				CLANG_WARN_SUSPICIOUS_MOVE = YES;
				CLANG_WARN_UNGUARDED_AVAILABILITY = YES_AGGRESSIVE;
				CLANG_WARN_UNREACHABLE_CODE = YES;
				CLANG_WARN__DUPLICATE_METHOD_MATCH = YES;
				COPY_PHASE_STRIP = NO;
				DEBUG_INFORMATION_FORMAT = "dwarf-with-dsym";
				ENABLE_NS_ASSERTIONS = NO;
				ENABLE_STRICT_OBJC_MSGSEND = YES;
				GCC_C_LANGUAGE_STANDARD = gnu11;
				GCC_NO_COMMON_BLOCKS = YES;
				GCC_WARN_64_TO_32_BIT_CONVERSION = YES;
				GCC_WARN_ABOUT_RETURN_TYPE = YES_ERROR;
				GCC_WARN_UNDECLARED_SELECTOR = YES;
				GCC_WARN_UNINITIALIZED_AUTOS = YES_AGGRESSIVE;
				GCC_WARN_UNUSED_FUNCTION = YES;
				GCC_WARN_UNUSED_VARIABLE = YES;
				MTL_ENABLE_DEBUG_INFO = NO;
				MTL_FAST_MATH = YES;
				PRODUCT_NAME = "$(TARGET_NAME)";
				SWIFT_OPTIMIZATION_LEVEL = "-Owholemodule";
				SWIFT_VERSION = 5.0;
			};
			name = Release;
		};
		DE78E728A9912DE652F9BFCF /* Debug */ = {
			isa = XCBuildConfiguration;
			buildSettings = {
				ASSETCATALOG_COMPILER_APPICON_NAME = AppIcon;
				ASSETCATALOG_COMPILER_GLOBAL_ACCENT_COLOR_NAME = AccentColor;
				CLANG_ENABLE_OBJC_WEAK = NO;
				CODE_SIGN_STYLE = Automatic;
				CURRENT_PROJECT_VERSION = 2;
				DEVELOPMENT_TEAM = ES2766ARHJ;
				ENABLE_PREVIEWS = YES;
				GENERATE_INFOPLIST_FILE = YES;
				INFOPLIST_FILE = MusicSync/Info.plist;
				INFOPLIST_KEY_NSAppleMusicUsageDescription = "MusicSync sincroniza playlists públicas en tu biblioteca de Apple Music.";
				INFOPLIST_KEY_UILaunchScreen_Generation = YES;
				INFOPLIST_KEY_UISupportedInterfaceOrientations = "UIInterfaceOrientationPortrait UIInterfaceOrientationPortraitUpsideDown UIInterfaceOrientationLandscapeLeft UIInterfaceOrientationLandscapeRight";
				"INFOPLIST_KEY_UISupportedInterfaceOrientations~ipad" = "UIInterfaceOrientationPortrait UIInterfaceOrientationPortraitUpsideDown UIInterfaceOrientationLandscapeLeft UIInterfaceOrientationLandscapeRight";
				IPHONEOS_DEPLOYMENT_TARGET = 18.0;
				LD_RUNPATH_SEARCH_PATHS = "$(inherited) @executable_path/Frameworks";
				MARKETING_VERSION = 1.0;
				PRODUCT_BUNDLE_IDENTIFIER = com.jmago17.MusicSync;
				PRODUCT_NAME = MusicSync;
				SDKROOT = iphoneos;
				SWIFT_EMIT_LOC_STRINGS = YES;
				SWIFT_STRICT_CONCURRENCY = minimal;
				SWIFT_VERSION = 5.0;
				TARGETED_DEVICE_FAMILY = "1,2";
			};
			name = Debug;
		};
/* End XCBuildConfiguration section */

/* Begin XCConfigurationList section */
		2CBCA5B9BF0F580255961610 /* Build configuration list for PBXNativeTarget "MusicSync" */ = {
			isa = XCConfigurationList;
			buildConfigurations = (
				190AE3A91FFE4AEA79EDF1CC /* Release */,
				DE78E728A9912DE652F9BFCF /* Debug */,
			);
			defaultConfigurationIsVisible = 0;
			defaultConfigurationName = Release;
		};
		95A8378A422540223C1FC515 /* Build configuration list for PBXProject "MusicSync" */ = {
			isa = XCConfigurationList;
			buildConfigurations = (
				671769C78436996612E90179 /* Debug */,
				CF334BA6287DE06F1BB84780 /* Release */,
			);
			defaultConfigurationIsVisible = 0;
			defaultConfigurationName = Release;
		};
/* End XCConfigurationList section */
	};
	rootObject = C4B30B68CB6BFC736696AB62 /* Project object */;
}
